# This file is autogenerated, do not edit; changes may be undone by the next 'dep ensure'.


[[projects]]
  name = "github.com/DataDog/zstd"
  packages = ["."]
  revision = "2347a397da4ee9c6b8226d4aff82c302d0e52773"
  version = "v1.4.1"

[[projects]]
  name = "github.com/Shopify/sarama"
  packages = ["."]
  revision = "46c83074a05474240f9620fb7c70fb0d80ca401a"
  version = "v1.23.1"

[[projects]]
  name = "github.com/davecgh/go-spew"
  packages = ["spew"]
  revision = "8991bc29aa16c548c550c7ff78260e27b9ab7c73"
  version = "v1.1.1"

[[projects]]
  name = "github.com/eapache/go-resiliency"
  packages = ["breaker"]
  revision = "5efd2ed019fd331ec2defc6f3bd98882f1e3e636"
  version = "v1.2.0"

[[projects]]
  branch = "master"
  name = "github.com/eapache/go-xerial-snappy"
  packages = ["."]
  revision = "776d5712da21bc4762676d614db1d8a64f4238b0"

[[projects]]
  name = "github.com/eapache/queue"
  packages = ["."]
  revision = "44cc805cf13205b55f69e14bcb69867d1ae92f98"
  version = "v1.1.0"

[[projects]]
  name = "github.com/golang/snappy"
  packages = ["."]
  revision = "2a8bb927dd31d8daada140a5d09578521ce5c36a"
  version = "v0.0.1"

[[projects]]
  name = "github.com/hashicorp/go-uuid"
  packages = ["."]
  revision = "4f571afc59f3043a65f8fe6bf46d887b10a01d43"
  version = "v1.0.1"

[[projects]]
  name = "github.com/jcmturner/gofork"
  packages = ["encoding/asn1","x/crypto/pbkdf2"]
  revision = "dc7c13fece037a4a36e2b3c69db4991498d30692"
  version = "v1.0.0"

[[projects]]
  name = "github.com/pierrec/lz4"
  packages = [".","internal/xxh32"]
  revision = "8ef35db8296124c4969aab929c16c91c3cb2c8a0"
  version = "v2.2.6"

[[projects]]
  branch = "master"
  name = "github.com/rcrowley/go-metrics"
  packages = ["."]
  revision = "9beb055b7962d16947a14e1cd718098a2431e20e"

[[projects]]
  name = "github.com/segmentio/kafka-go"
  packages = [".","sasl"]
  revision = "0b38267f13d5e17fcf8dfbb89168ef7fb520deb8"
  version = "v0.2.5"

[[projects]]
  branch = "master"
  name = "golang.org/x/crypto"
  packages = ["md4","pbkdf2"]
  revision = "4def268fd1a49955bfb3dda92fe3db4f924f2285"

[[projects]]
  branch = "master"
  name = "golang.org/x/net"
  packages = ["internal/socks","proxy"]
  revision = "ca1201d0de80cfde86cb01aea620983605dfe99b"

[[projects]]
  name = "gopkg.in/jcmturner/aescts.v1"
  packages = ["."]
  revision = "f6abebb3171c4c1b1fea279cb7c7325020a26290"
  version = "v1.0.1"

[[projects]]
  name = "gopkg.in/jcmturner/dnsutils.v1"
  packages = ["."]
  revision = "13eeb8d49ffb74d7a75784c35e4d900607a3943c"
  version = "v1.0.1"

[[projects]]
  name = "gopkg.in/jcmturner/gokrb5.v7"
  packages = ["asn1tools","client","config","credentials","crypto","crypto/common","crypto/etype","crypto/rfc3961","crypto/rfc3962","crypto/rfc4757","crypto/rfc8009","gssapi","iana","iana/addrtype","iana/adtype","iana/asnAppTag","iana/chksumtype","iana/errorcode","iana/etypeID","iana/flags","iana/keyusage","iana/msgtype","iana/nametype","iana/patype","kadmin","keytab","krberror","messages","pac","types"]
  revision = "363118e62befa8a14ff01031c025026077fe5d6d"
  version = "v7.3.0"

[[projects]]
  name = "gopkg.in/jcmturner/rpc.v1"
  packages = ["mstypes","ndr"]
  revision = "99a8ce2fbf8b8087b6ed12a37c61b10f04070043"
  version = "v1.1.0"

[solve-meta]
  analyzer-name = "dep"
  analyzer-version = 1
  inputs-digest = "c93aae9c06ccc8967b8fce843e324027858a44f3e6fd2db83b4349776b6f407c"
  solver-name = "gps-cdcl"
  solver-version = 1
